
Microsoft Visual Studio Solution File, Format Version 12.00
# Visual Studio Version 17
VisualStudioVersion = 17.1.32210.238
MinimumVisualStudioVersion = 10.0.40219.1
Project("{9A19103F-16F7-4668-BE54-9A1E7A4F7556}") = "PainAssessment", "PainAssessment.csproj", "{B0EE6ABA-BAD6-4ED7-AE2E-9317F7C06034}"
EndProject
Global
	GlobalSection(SolutionConfigurationPlatforms) = preSolution
		Debug|Any CPU = Debug|Any CPU
		Release|Any CPU = Release|Any CPU
	EndGlobalSection
	GlobalSection(ProjectConfigurationPlatforms) = postSolution
		{B0EE6ABA-BAD6-4ED7-AE2E-9317F7C06034}.Debug|Any CPU.ActiveCfg = Debug|Any CPU
		{B0EE6ABA-BAD6-4ED7-AE2E-9317F7C06034}.Debug|Any CPU.Build.0 = Debug|Any CPU
		{B0EE6ABA-BAD6-4ED7-AE2E-9317F7C06034}.Release|Any CPU.ActiveCfg = Release|Any CPU
		{B0EE6ABA-BAD6-4ED7-AE2E-9317F7C06034}.Release|Any CPU.Build.0 = Release|Any CPU
	EndGlobalSection
	GlobalSection(SolutionProperties) = preSolution
		HideSolutionNode = FALSE
	EndGlobalSection
	GlobalSection(ExtensibilityGlobals) = postSolution
		SolutionGuid = {859E5300-8590-4EBF-8E2F-3479039AC7EB}
	EndGlobalSection
EndGlobal
